{
  "nodes": {
    "cargo-nix-plugin": {
      "inputs": {
        "nixpkgs": [
          "nixpkgs"
        ]
      },
      "locked": {
        "lastModified": 1775898954,
        "narHash": "sha256-4di90UfBpfxixhr+0eAcsCd+upFphr/VEiF5kS1d7AI=",
        "owner": "Mic92",
        "repo": "cargo-nix-plugin",
        "rev": "9890e75a46f12ee098cd7d27b9eb65e5fe3f438a",
        "type": "github"
      },
      "original": {
        "owner": "Mic92",
        "repo": "cargo-nix-plugin",
        "type": "github"
      }
    },
    "devshell": {
      "inputs": {
        "nixpkgs": [
          "nixpkgs"
        ]
      },
      "locked": {
        "lastModified": 1768818222,
        "narHash": "sha256-460jc0+CZfyaO8+w8JNtlClB2n4ui1RbHfPTLkpwhU8=",
        "owner": "numtide",
        "repo": "devshell",
        "rev": "255a2b1725a20d060f566e4755dbf571bbbb5f76",
        "type": "github"
      },
      "original": {
        "owner": "numtide",
        "repo": "devshell",
        "type": "github"
      }
    },
    "nixpkgs": {
      "locked": {
        "lastModified": 1775888245,
        "narHash": "sha256-qTVvODr6edFBLD2lncXPF8yTQeCafZUuKVtpV3Xb3yM=",
        "rev": "13043924aaa7375ce482ebe2494338e058282925",
        "type": "tarball",
        "url": "https://releases.nixos.org/nixpkgs/nixpkgs-26.05pre978638.13043924aaa7/nixexprs.tar.xz"
      },
      "original": {
        "type": "tarball",
        "url": "https://channels.nixos.org/nixpkgs-unstable/nixexprs.tar.xz"
      }
    },
    "root": {
      "inputs": {
        "cargo-nix-plugin": "cargo-nix-plugin",
        "devshell": "devshell",
        "nixpkgs": "nixpkgs"
      }
    }
  },
  "root": "root",
  "version": 7
}
